{
  "version": "1.0.0",
  "dependencies": {
    "rocks": {
      "78669c3562845520fd2df5f95ea4492f7ac12b98847ca90de986aae6c9f86ee4": {
        "name": "mini.test",
        "version": "0.16.0-1",
        "pinned": false,
        "opt": false,
        "dependencies": [],
        "constraint": "==0.16.0",
        "binaries": [],
        "source": "luarocks_rockspec+https://luarocks.org/",
        "source_url": {
          "type": "url",
          "url": "https://github.com/echasnovski/mini.test/archive/v0.16.0.zip"
        },
        "hashes": {
          "rockspec": "sha256-wZZWEgAYBy0V953JuuO+5XsRPv05X/hfAiwAH81niT8=",
          "source": "sha256-frG6nRAtszKsNGnqtwutq7m8631egxS7pK/oNI9+tZw="
        }
      }
    },
    "entrypoints": [
      "78669c3562845520fd2df5f95ea4492f7ac12b98847ca90de986aae6c9f86ee4"
    ]
  }
}